
Microsoft Visual Studio Solution File, Format Version 12.00
# Visual Studio Version 16
VisualStudioVersion = 16.0.31729.503
MinimumVisualStudioVersion = 10.0.40219.1
Project("{FAE04EC0-301F-11D3-BF4B-00C04F79EFBC}") = "VaccinationDrive", "VaccinationDrive\VaccinationDrive.csproj", "{539096A1-8CF4-47AC-8567-FB48F6C7E2EF}"
EndProject
Global
	GlobalSection(SolutionConfigurationPlatforms) = preSolution
		Debug|Any CPU = Debug|Any CPU
		Release|Any CPU = Release|Any CPU
	EndGlobalSection
	GlobalSection(ProjectConfigurationPlatforms) = postSolution
		{539096A1-8CF4-47AC-8567-FB48F6C7E2EF}.Debug|Any CPU.ActiveCfg = Debug|Any CPU
		{539096A1-8CF4-47AC-8567-FB48F6C7E2EF}.Debug|Any CPU.Build.0 = Debug|Any CPU
		{539096A1-8CF4-47AC-8567-FB48F6C7E2EF}.Release|Any CPU.ActiveCfg = Release|Any CPU
		{539096A1-8CF4-47AC-8567-FB48F6C7E2EF}.Release|Any CPU.Build.0 = Release|Any CPU
	EndGlobalSection
	GlobalSection(SolutionProperties) = preSolution
		HideSolutionNode = FALSE
	EndGlobalSection
	GlobalSection(ExtensibilityGlobals) = postSolution
		SolutionGuid = {1BA80D6A-5D65-40AF-9004-B58CAFAB0CAC}
	EndGlobalSection
EndGlobal
